
Microsoft Visual Studio Solution File, Format Version 12.00
# Visual Studio Version 17
VisualStudioVersion = 17.14.36511.14 d17.14
MinimumVisualStudioVersion = 10.0.40219.1
Project("{FAE04EC0-301F-11D3-BF4B-00C04F79EFBC}") = "PlaneGame", "PlaneGame\PlaneGame.csproj", "{65F74B43-8A3F-4297-8F05-4C8D65039BF4}"
EndProject
Global
	GlobalSection(SolutionConfigurationPlatforms) = preSolution
		Debug|Any CPU = Debug|Any CPU
		Release|Any CPU = Release|Any CPU
	EndGlobalSection
	GlobalSection(ProjectConfigurationPlatforms) = postSolution
		{65F74B43-8A3F-4297-8F05-4C8D65039BF4}.Debug|Any CPU.ActiveCfg = Debug|Any CPU
		{65F74B43-8A3F-4297-8F05-4C8D65039BF4}.Debug|Any CPU.Build.0 = Debug|Any CPU
		{65F74B43-8A3F-4297-8F05-4C8D65039BF4}.Release|Any CPU.ActiveCfg = Release|Any CPU
		{65F74B43-8A3F-4297-8F05-4C8D65039BF4}.Release|Any CPU.Build.0 = Release|Any CPU
	EndGlobalSection
	GlobalSection(SolutionProperties) = preSolution
		HideSolutionNode = FALSE
	EndGlobalSection
	GlobalSection(ExtensibilityGlobals) = postSolution
		SolutionGuid = {8B2B2E4E-D539-4EAA-B78D-A55D3F4201A4}
	EndGlobalSection
EndGlobal
